
Microsoft Visual Studio Solution File, Format Version 12.00
# Visual Studio Version 17
VisualStudioVersion = 17.5.33424.131
MinimumVisualStudioVersion = 10.0.40219.1
Project("{FAE04EC0-301F-11D3-BF4B-00C04F79EFBC}") = "NUnitTesting", "NUnitTesting.csproj", "{630664C9-A90D-4CA0-AB43-B985EFEDCA7C}"
EndProject
Global
	GlobalSection(SolutionConfigurationPlatforms) = preSolution
		Debug|Any CPU = Debug|Any CPU
		Release|Any CPU = Release|Any CPU
	EndGlobalSection
	GlobalSection(ProjectConfigurationPlatforms) = postSolution
		{630664C9-A90D-4CA0-AB43-B985EFEDCA7C}.Debug|Any CPU.ActiveCfg = Debug|Any CPU
		{630664C9-A90D-4CA0-AB43-B985EFEDCA7C}.Debug|Any CPU.Build.0 = Debug|Any CPU
		{630664C9-A90D-4CA0-AB43-B985EFEDCA7C}.Release|Any CPU.ActiveCfg = Release|Any CPU
		{630664C9-A90D-4CA0-AB43-B985EFEDCA7C}.Release|Any CPU.Build.0 = Release|Any CPU
	EndGlobalSection
	GlobalSection(SolutionProperties) = preSolution
		HideSolutionNode = FALSE
	EndGlobalSection
	GlobalSection(ExtensibilityGlobals) = postSolution
		SolutionGuid = {FF228EB2-659F-4BF0-8E94-D815BE714171}
	EndGlobalSection
EndGlobal
